Microsoft Visual Studio Solution File, Format Version 12.00
# Visual Studio Version 17
VisualStudioVersion = 17.5.2.0
MinimumVisualStudioVersion = 10.0.40219.1
Project("{FAE04EC0-301F-11D3-BF4B-00C04F79EFBC}") = "C# Oppgaver, loops, conditionals, klasser og objekter og MVC", "C# Oppgaver, loops, conditionals, klasser og objekter og MVC.csproj", "{723E1BF1-0A5A-9EDC-A8DF-834A0F2B8680}"
EndProject
Global
	GlobalSection(SolutionConfigurationPlatforms) = preSolution
		Debug|Any CPU = Debug|Any CPU
		Release|Any CPU = Release|Any CPU
	EndGlobalSection
	GlobalSection(ProjectConfigurationPlatforms) = postSolution
		{723E1BF1-0A5A-9EDC-A8DF-834A0F2B8680}.Debug|Any CPU.ActiveCfg = Debug|Any CPU
		{723E1BF1-0A5A-9EDC-A8DF-834A0F2B8680}.Debug|Any CPU.Build.0 = Debug|Any CPU
		{723E1BF1-0A5A-9EDC-A8DF-834A0F2B8680}.Release|Any CPU.ActiveCfg = Release|Any CPU
		{723E1BF1-0A5A-9EDC-A8DF-834A0F2B8680}.Release|Any CPU.Build.0 = Release|Any CPU
	EndGlobalSection
	GlobalSection(SolutionProperties) = preSolution
		HideSolutionNode = FALSE
	EndGlobalSection
	GlobalSection(ExtensibilityGlobals) = postSolution
		SolutionGuid = {42E0CB7F-B29F-4BF2-8930-5764FD57B293}
	EndGlobalSection
EndGlobal
